
Microsoft Visual Studio Solution File, Format Version 12.00
# Visual Studio Version 17
VisualStudioVersion = 17.9.34616.47
MinimumVisualStudioVersion = 10.0.40219.1
Project("{FAE04EC0-301F-11D3-BF4B-00C04F79EFBC}") = "FINAL_PROJECT_SERVER", "FINAL_PROJECT_SERVER.csproj", "{0B4DAF75-EFF2-465C-A56F-5A22B82AF225}"
EndProject
Global
	GlobalSection(SolutionConfigurationPlatforms) = preSolution
		Debug|Any CPU = Debug|Any CPU
		Release|Any CPU = Release|Any CPU
	EndGlobalSection
	GlobalSection(ProjectConfigurationPlatforms) = postSolution
		{0B4DAF75-EFF2-465C-A56F-5A22B82AF225}.Debug|Any CPU.ActiveCfg = Debug|Any CPU
		{0B4DAF75-EFF2-465C-A56F-5A22B82AF225}.Debug|Any CPU.Build.0 = Debug|Any CPU
		{0B4DAF75-EFF2-465C-A56F-5A22B82AF225}.Release|Any CPU.ActiveCfg = Release|Any CPU
		{0B4DAF75-EFF2-465C-A56F-5A22B82AF225}.Release|Any CPU.Build.0 = Release|Any CPU
	EndGlobalSection
	GlobalSection(SolutionProperties) = preSolution
		HideSolutionNode = FALSE
	EndGlobalSection
	GlobalSection(ExtensibilityGlobals) = postSolution
		SolutionGuid = {3CF04E68-EE88-416A-9464-C125FFE3230A}
	EndGlobalSection
EndGlobal
